// !$*UTF8*$!
{
	archiveVersion = 1;
	classes = {
	};
	objectVersion = 56;
	objects = {

/* Begin PBXBuildFile section */
		0F697FBD2A012C5E001C4F66 /* Logging.swift in Sources */ = {isa = PBXBuildFile; fileRef = 0F697FBC2A012C5E001C4F66 /* Logging.swift */; };
		0F697FC02A013AD5001C4F66 /* OrderedCollections in Frameworks */ = {isa = PBXBuildFile; productRef = 0F697FBF2A013AD5001C4F66 /* OrderedCollections */; };
		0F697FC32A027984001C4F66 /* VideoTimeline.swift in Sources */ = {isa = PBXBuildFile; fileRef = 0F697FC22A027984001C4F66 /* VideoTimeline.swift */; };
		0F8DFD972A091A4F00D79D1F /* TrackableScrollView.swift in Sources */ = {isa = PBXBuildFile; fileRef = 0F8DFD962A091A4F00D79D1F /* TrackableScrollView.swift */; };
		0F8DFD992A0BBFD300D79D1F /* TimecodeBar.swift in Sources */ = {isa = PBXBuildFile; fileRef = 0F8DFD982A0BBFD300D79D1F /* TimecodeBar.swift */; };
		0F8DFD9B2A0BBFDB00D79D1F /* EventBar.swift in Sources */ = {isa = PBXBuildFile; fileRef = 0F8DFD9A2A0BBFDB00D79D1F /* EventBar.swift */; };
		0F8DFD9D2A0BBFF200D79D1F /* TimelineScrollbar.swift in Sources */ = {isa = PBXBuildFile; fileRef = 0F8DFD9C2A0BBFF200D79D1F /* TimelineScrollbar.swift */; };
		0F8DFD9F2A0BC2FA00D79D1F /* RoundedCornerRectangle.swift in Sources */ = {isa = PBXBuildFile; fileRef = 0F8DFD9E2A0BC2FA00D79D1F /* RoundedCornerRectangle.swift */; };
		0F8DFDA12A0BC73E00D79D1F /* BoundsChecker.swift in Sources */ = {isa = PBXBuildFile; fileRef = 0F8DFDA02A0BC73E00D79D1F /* BoundsChecker.swift */; };
		0F8DFDA42A13A93100D79D1F /* CursorKit in Frameworks */ = {isa = PBXBuildFile; productRef = 0F8DFDA32A13A93100D79D1F /* CursorKit */; };
		0F8DFDA62A14E2B900D79D1F /* TimelineScrubber.swift in Sources */ = {isa = PBXBuildFile; fileRef = 0F8DFDA52A14E2B900D79D1F /* TimelineScrubber.swift */; };
		0F8DFDAA2A14FA9500D79D1F /* Widget.swift in Sources */ = {isa = PBXBuildFile; fileRef = 0F8DFDA92A14FA9500D79D1F /* Widget.swift */; };
		0F8DFDAD2A1765AA00D79D1F /* ProjectCodeItem.swift in Sources */ = {isa = PBXBuildFile; fileRef = 0F8DFDAC2A1765AA00D79D1F /* ProjectCodeItem.swift */; };
		0F8DFDB12A1B8FE500D79D1F /* DraggableItem.swift in Sources */ = {isa = PBXBuildFile; fileRef = 0F8DFDB02A1B8FE500D79D1F /* DraggableItem.swift */; };
		0F8DFDB42A1E47EC00D79D1F /* PlayerState.swift in Sources */ = {isa = PBXBuildFile; fileRef = 0F8DFDB32A1E47EC00D79D1F /* PlayerState.swift */; };
		0F8DFDB72A1E483300D79D1F /* PreviewVideoPlayer.swift in Sources */ = {isa = PBXBuildFile; fileRef = 0F8DFDB62A1E483300D79D1F /* PreviewVideoPlayer.swift */; };
		0F8DFDB92A1E484C00D79D1F /* PreviewVideoControls.swift in Sources */ = {isa = PBXBuildFile; fileRef = 0F8DFDB82A1E484C00D79D1F /* PreviewVideoControls.swift */; };
		0FA3A9EC29F92BA800B9FB29 /* SportsAnalysisApp.swift in Sources */ = {isa = PBXBuildFile; fileRef = 0FA3A9EB29F92BA800B9FB29 /* SportsAnalysisApp.swift */; };
		0FA3A9EE29F92BA800B9FB29 /* ContentView.swift in Sources */ = {isa = PBXBuildFile; fileRef = 0FA3A9ED29F92BA800B9FB29 /* ContentView.swift */; };
		0FA3A9F029F92BA900B9FB29 /* Assets.xcassets in Resources */ = {isa = PBXBuildFile; fileRef = 0FA3A9EF29F92BA900B9FB29 /* Assets.xcassets */; };
		0FA3A9F429F92BA900B9FB29 /* Preview Assets.xcassets in Resources */ = {isa = PBXBuildFile; fileRef = 0FA3A9F329F92BA900B9FB29 /* Preview Assets.xcassets */; };
		0FA3A9FE29F92BAA00B9FB29 /* SportsAnalysisTests.swift in Sources */ = {isa = PBXBuildFile; fileRef = 0FA3A9FD29F92BAA00B9FB29 /* SportsAnalysisTests.swift */; };
		0FA3AA0829F92BAA00B9FB29 /* SportsAnalysisUITests.swift in Sources */ = {isa = PBXBuildFile; fileRef = 0FA3AA0729F92BAA00B9FB29 /* SportsAnalysisUITests.swift */; };
		0FA3AA0A29F92BAA00B9FB29 /* SportsAnalysisUITestsLaunchTests.swift in Sources */ = {isa = PBXBuildFile; fileRef = 0FA3AA0929F92BAA00B9FB29 /* SportsAnalysisUITestsLaunchTests.swift */; };
		0FA3AA1929F92D9B00B9FB29 /* M2U01222.MPG in Resources */ = {isa = PBXBuildFile; fileRef = 0FA3AA1829F92D9B00B9FB29 /* M2U01222.MPG */; };
		0FA3AA1B29F935BC00B9FB29 /* PreviewWindowView.swift in Sources */ = {isa = PBXBuildFile; fileRef = 0FA3AA1A29F935BC00B9FB29 /* PreviewWindowView.swift */; };
		0FA3AA1D29FA9F8F00B9FB29 /* EventManager.swift in Sources */ = {isa = PBXBuildFile; fileRef = 0FA3AA1C29FA9F8F00B9FB29 /* EventManager.swift */; };
		0FA3AA2129FAA44D00B9FB29 /* ProjectStore.swift in Sources */ = {isa = PBXBuildFile; fileRef = 0FA3AA2029FAA44D00B9FB29 /* ProjectStore.swift */; };
		0FA3AA2429FAA51800B9FB29 /* Project.swift in Sources */ = {isa = PBXBuildFile; fileRef = 0FA3AA2329FAA51800B9FB29 /* Project.swift */; };
		0FA3AA2629FAA59800B9FB29 /* ProjectVideo.swift in Sources */ = {isa = PBXBuildFile; fileRef = 0FA3AA2529FAA59800B9FB29 /* ProjectVideo.swift */; };
		0FA3AA2929FAB0B200B9FB29 /* ProjectManagerView.swift in Sources */ = {isa = PBXBuildFile; fileRef = 0FA3AA2829FAB0B200B9FB29 /* ProjectManagerView.swift */; };
		0FA3AA2B29FAB1C100B9FB29 /* ProjectSettingsView.swift in Sources */ = {isa = PBXBuildFile; fileRef = 0FA3AA2A29FAB1C100B9FB29 /* ProjectSettingsView.swift */; };
		0FA3AA2D29FAB6F200B9FB29 /* M2U01223.MPG in Resources */ = {isa = PBXBuildFile; fileRef = 0FA3AA2C29FAB6F200B9FB29 /* M2U01223.MPG */; };
		0FA3AA2F29FBE76800B9FB29 /* ProjectCode.swift in Sources */ = {isa = PBXBuildFile; fileRef = 0FA3AA2E29FBE76800B9FB29 /* ProjectCode.swift */; };
		0FA3AA3329FBEC3700B9FB29 /* ProjectCodesView.swift in Sources */ = {isa = PBXBuildFile; fileRef = 0FA3AA3229FBEC3700B9FB29 /* ProjectCodesView.swift */; };
		0FA3AA3529FBED8E00B9FB29 /* ProjectEvent.swift in Sources */ = {isa = PBXBuildFile; fileRef = 0FA3AA3429FBED8E00B9FB29 /* ProjectEvent.swift */; };
		0FA3AA3829FE352C00B9FB29 /* TimeFormatter.swift in Sources */ = {isa = PBXBuildFile; fileRef = 0FA3AA3729FE352C00B9FB29 /* TimeFormatter.swift */; };
/* End PBXBuildFile section */

/* Begin PBXContainerItemProxy section */
		0FA3A9FA29F92BAA00B9FB29 /* PBXContainerItemProxy */ = {
			isa = PBXContainerItemProxy;
			containerPortal = 0FA3A9E029F92BA800B9FB29 /* Project object */;
			proxyType = 1;
			remoteGlobalIDString = 0FA3A9E729F92BA800B9FB29;
			remoteInfo = SportsAnalysis;
		};
		0FA3AA0429F92BAA00B9FB29 /* PBXContainerItemProxy */ = {
			isa = PBXContainerItemProxy;
			containerPortal = 0FA3A9E029F92BA800B9FB29 /* Project object */;
			proxyType = 1;
			remoteGlobalIDString = 0FA3A9E729F92BA800B9FB29;
			remoteInfo = SportsAnalysis;
		};
/* End PBXContainerItemProxy section */

/* Begin PBXFileReference section */
		0F697FBC2A012C5E001C4F66 /* Logging.swift */ = {isa = PBXFileReference; lastKnownFileType = sourcecode.swift; path = Logging.swift; sourceTree = "<group>"; };
		0F697FC22A027984001C4F66 /* VideoTimeline.swift */ = {isa = PBXFileReference; lastKnownFileType = sourcecode.swift; path = VideoTimeline.swift; sourceTree = "<group>"; };
		0F8DFD962A091A4F00D79D1F /* TrackableScrollView.swift */ = {isa = PBXFileReference; lastKnownFileType = sourcecode.swift; path = TrackableScrollView.swift; sourceTree = "<group>"; };
		0F8DFD982A0BBFD300D79D1F /* TimecodeBar.swift */ = {isa = PBXFileReference; lastKnownFileType = sourcecode.swift; path = TimecodeBar.swift; sourceTree = "<group>"; };
		0F8DFD9A2A0BBFDB00D79D1F /* EventBar.swift */ = {isa = PBXFileReference; lastKnownFileType = sourcecode.swift; path = EventBar.swift; sourceTree = "<group>"; };
		0F8DFD9C2A0BBFF200D79D1F /* TimelineScrollbar.swift */ = {isa = PBXFileReference; lastKnownFileType = sourcecode.swift; path = TimelineScrollbar.swift; sourceTree = "<group>"; };
		0F8DFD9E2A0BC2FA00D79D1F /* RoundedCornerRectangle.swift */ = {isa = PBXFileReference; lastKnownFileType = sourcecode.swift; path = RoundedCornerRectangle.swift; sourceTree = "<group>"; };
		0F8DFDA02A0BC73E00D79D1F /* BoundsChecker.swift */ = {isa = PBXFileReference; lastKnownFileType = sourcecode.swift; path = BoundsChecker.swift; sourceTree = "<group>"; };
		0F8DFDA52A14E2B900D79D1F /* TimelineScrubber.swift */ = {isa = PBXFileReference; lastKnownFileType = sourcecode.swift; path = TimelineScrubber.swift; sourceTree = "<group>"; };
		0F8DFDA92A14FA9500D79D1F /* Widget.swift */ = {isa = PBXFileReference; lastKnownFileType = sourcecode.swift; path = Widget.swift; sourceTree = "<group>"; };
		0F8DFDAC2A1765AA00D79D1F /* ProjectCodeItem.swift */ = {isa = PBXFileReference; lastKnownFileType = sourcecode.swift; path = ProjectCodeItem.swift; sourceTree = "<group>"; };
		0F8DFDB02A1B8FE500D79D1F /* DraggableItem.swift */ = {isa = PBXFileReference; lastKnownFileType = sourcecode.swift; path = DraggableItem.swift; sourceTree = "<group>"; };
		0F8DFDB32A1E47EC00D79D1F /* PlayerState.swift */ = {isa = PBXFileReference; lastKnownFileType = sourcecode.swift; path = PlayerState.swift; sourceTree = "<group>"; };
		0F8DFDB62A1E483300D79D1F /* PreviewVideoPlayer.swift */ = {isa = PBXFileReference; lastKnownFileType = sourcecode.swift; path = PreviewVideoPlayer.swift; sourceTree = "<group>"; };
		0F8DFDB82A1E484C00D79D1F /* PreviewVideoControls.swift */ = {isa = PBXFileReference; lastKnownFileType = sourcecode.swift; path = PreviewVideoControls.swift; sourceTree = "<group>"; };
		0FA3A9E829F92BA800B9FB29 /* SportsAnalysis.app */ = {isa = PBXFileReference; explicitFileType = wrapper.application; includeInIndex = 0; path = SportsAnalysis.app; sourceTree = BUILT_PRODUCTS_DIR; };
		0FA3A9EB29F92BA800B9FB29 /* SportsAnalysisApp.swift */ = {isa = PBXFileReference; lastKnownFileType = sourcecode.swift; path = SportsAnalysisApp.swift; sourceTree = "<group>"; };
		0FA3A9ED29F92BA800B9FB29 /* ContentView.swift */ = {isa = PBXFileReference; lastKnownFileType = sourcecode.swift; path = ContentView.swift; sourceTree = "<group>"; };
		0FA3A9EF29F92BA900B9FB29 /* Assets.xcassets */ = {isa = PBXFileReference; lastKnownFileType = folder.assetcatalog; path = Assets.xcassets; sourceTree = "<group>"; };
		0FA3A9F129F92BA900B9FB29 /* SportsAnalysis.entitlements */ = {isa = PBXFileReference; lastKnownFileType = text.plist.entitlements; path = SportsAnalysis.entitlements; sourceTree = "<group>"; };
		0FA3A9F329F92BA900B9FB29 /* Preview Assets.xcassets */ = {isa = PBXFileReference; lastKnownFileType = folder.assetcatalog; path = "Preview Assets.xcassets"; sourceTree = "<group>"; };
		0FA3A9F929F92BAA00B9FB29 /* SportsAnalysisTests.xctest */ = {isa = PBXFileReference; explicitFileType = wrapper.cfbundle; includeInIndex = 0; path = SportsAnalysisTests.xctest; sourceTree = BUILT_PRODUCTS_DIR; };
		0FA3A9FD29F92BAA00B9FB29 /* SportsAnalysisTests.swift */ = {isa = PBXFileReference; lastKnownFileType = sourcecode.swift; path = SportsAnalysisTests.swift; sourceTree = "<group>"; };
		0FA3AA0329F92BAA00B9FB29 /* SportsAnalysisUITests.xctest */ = {isa = PBXFileReference; explicitFileType = wrapper.cfbundle; includeInIndex = 0; path = SportsAnalysisUITests.xctest; sourceTree = BUILT_PRODUCTS_DIR; };
		0FA3AA0729F92BAA00B9FB29 /* SportsAnalysisUITests.swift */ = {isa = PBXFileReference; lastKnownFileType = sourcecode.swift; path = SportsAnalysisUITests.swift; sourceTree = "<group>"; };
		0FA3AA0929F92BAA00B9FB29 /* SportsAnalysisUITestsLaunchTests.swift */ = {isa = PBXFileReference; lastKnownFileType = sourcecode.swift; path = SportsAnalysisUITestsLaunchTests.swift; sourceTree = "<group>"; };
		0FA3AA1829F92D9B00B9FB29 /* M2U01222.MPG */ = {isa = PBXFileReference; lastKnownFileType = video.mpeg; name = M2U01222.MPG; path = "../../../../Desktop/Videos Test/M2U01222.MPG"; sourceTree = "<group>"; };
		0FA3AA1A29F935BC00B9FB29 /* PreviewWindowView.swift */ = {isa = PBXFileReference; lastKnownFileType = sourcecode.swift; path = PreviewWindowView.swift; sourceTree = "<group>"; };
		0FA3AA1C29FA9F8F00B9FB29 /* EventManager.swift */ = {isa = PBXFileReference; lastKnownFileType = sourcecode.swift; path = EventManager.swift; sourceTree = "<group>"; };
		0FA3AA2029FAA44D00B9FB29 /* ProjectStore.swift */ = {isa = PBXFileReference; lastKnownFileType = sourcecode.swift; path = ProjectStore.swift; sourceTree = "<group>"; };
		0FA3AA2329FAA51800B9FB29 /* Project.swift */ = {isa = PBXFileReference; lastKnownFileType = sourcecode.swift; path = Project.swift; sourceTree = "<group>"; };
		0FA3AA2529FAA59800B9FB29 /* ProjectVideo.swift */ = {isa = PBXFileReference; lastKnownFileType = sourcecode.swift; path = ProjectVideo.swift; sourceTree = "<group>"; };
		0FA3AA2829FAB0B200B9FB29 /* ProjectManagerView.swift */ = {isa = PBXFileReference; lastKnownFileType = sourcecode.swift; path = ProjectManagerView.swift; sourceTree = "<group>"; };
		0FA3AA2A29FAB1C100B9FB29 /* ProjectSettingsView.swift */ = {isa = PBXFileReference; lastKnownFileType = sourcecode.swift; path = ProjectSettingsView.swift; sourceTree = "<group>"; };
		0FA3AA2C29FAB6F200B9FB29 /* M2U01223.MPG */ = {isa = PBXFileReference; lastKnownFileType = video.mpeg; name = M2U01223.MPG; path = "../../../../Desktop/Videos Test/M2U01223.MPG"; sourceTree = "<group>"; };
		0FA3AA2E29FBE76800B9FB29 /* ProjectCode.swift */ = {isa = PBXFileReference; lastKnownFileType = sourcecode.swift; path = ProjectCode.swift; sourceTree = "<group>"; };
		0FA3AA3229FBEC3700B9FB29 /* ProjectCodesView.swift */ = {isa = PBXFileReference; lastKnownFileType = sourcecode.swift; path = ProjectCodesView.swift; sourceTree = "<group>"; };
		0FA3AA3429FBED8E00B9FB29 /* ProjectEvent.swift */ = {isa = PBXFileReference; lastKnownFileType = sourcecode.swift; path = ProjectEvent.swift; sourceTree = "<group>"; };
		0FA3AA3729FE352C00B9FB29 /* TimeFormatter.swift */ = {isa = PBXFileReference; lastKnownFileType = sourcecode.swift; path = TimeFormatter.swift; sourceTree = "<group>"; };
/* End PBXFileReference section */

/* Begin PBXFrameworksBuildPhase section */
		0FA3A9E529F92BA800B9FB29 /* Frameworks */ = {
			isa = PBXFrameworksBuildPhase;
			buildActionMask = 2147483647;
			files = (
				0F697FC02A013AD5001C4F66 /* OrderedCollections in Frameworks */,
				0F8DFDA42A13A93100D79D1F /* CursorKit in Frameworks */,
			);
			runOnlyForDeploymentPostprocessing = 0;
		};
		0FA3A9F629F92BAA00B9FB29 /* Frameworks */ = {
			isa = PBXFrameworksBuildPhase;
			buildActionMask = 2147483647;
			files = (
			);
			runOnlyForDeploymentPostprocessing = 0;
		};
		0FA3AA0029F92BAA00B9FB29 /* Frameworks */ = {
			isa = PBXFrameworksBuildPhase;
			buildActionMask = 2147483647;
			files = (
			);
			runOnlyForDeploymentPostprocessing = 0;
		};
/* End PBXFrameworksBuildPhase section */

/* Begin PBXGroup section */
		0F697FC12A027973001C4F66 /* timeline */ = {
			isa = PBXGroup;
			children = (
				0F697FC22A027984001C4F66 /* VideoTimeline.swift */,
				0F8DFD982A0BBFD300D79D1F /* TimecodeBar.swift */,
				0F8DFD9A2A0BBFDB00D79D1F /* EventBar.swift */,
				0F8DFD9C2A0BBFF200D79D1F /* TimelineScrollbar.swift */,
				0F8DFDA52A14E2B900D79D1F /* TimelineScrubber.swift */,
				0F8DFDB02A1B8FE500D79D1F /* DraggableItem.swift */,
			);
			path = timeline;
			sourceTree = "<group>";
		};
		0F8DFD952A091A3F00D79D1F /* shared */ = {
			isa = PBXGroup;
			children = (
				0F8DFD962A091A4F00D79D1F /* TrackableScrollView.swift */,
				0F8DFD9E2A0BC2FA00D79D1F /* RoundedCornerRectangle.swift */,
				0F8DFDA92A14FA9500D79D1F /* Widget.swift */,
			);
			path = shared;
			sourceTree = "<group>";
		};
		0F8DFDAB2A17658600D79D1F /* codes */ = {
			isa = PBXGroup;
			children = (
				0FA3AA3229FBEC3700B9FB29 /* ProjectCodesView.swift */,
				0F8DFDAC2A1765AA00D79D1F /* ProjectCodeItem.swift */,
			);
			path = codes;
			sourceTree = "<group>";
		};
		0F8DFDB22A1E46D700D79D1F /* events */ = {
			isa = PBXGroup;
			children = (
			);
			path = events;
			sourceTree = "<group>";
		};
		0F8DFDB52A1E47F100D79D1F /* player */ = {
			isa = PBXGroup;
			children = (
				0FA3AA1A29F935BC00B9FB29 /* PreviewWindowView.swift */,
				0F8DFDB62A1E483300D79D1F /* PreviewVideoPlayer.swift */,
				0F8DFDB82A1E484C00D79D1F /* PreviewVideoControls.swift */,
			);
			path = player;
			sourceTree = "<group>";
		};
		0FA3A9DF29F92BA800B9FB29 = {
			isa = PBXGroup;
			children = (
				0FA3A9EA29F92BA800B9FB29 /* SportsAnalysis */,
				0FA3A9FC29F92BAA00B9FB29 /* SportsAnalysisTests */,
				0FA3AA0629F92BAA00B9FB29 /* SportsAnalysisUITests */,
				0FA3A9E929F92BA800B9FB29 /* Products */,
			);
			sourceTree = "<group>";
		};
		0FA3A9E929F92BA800B9FB29 /* Products */ = {
			isa = PBXGroup;
			children = (
				0FA3A9E829F92BA800B9FB29 /* SportsAnalysis.app */,
				0FA3A9F929F92BAA00B9FB29 /* SportsAnalysisTests.xctest */,
				0FA3AA0329F92BAA00B9FB29 /* SportsAnalysisUITests.xctest */,
			);
			name = Products;
			sourceTree = "<group>";
		};
		0FA3A9EA29F92BA800B9FB29 /* SportsAnalysis */ = {
			isa = PBXGroup;
			children = (
				0F8DFD952A091A3F00D79D1F /* shared */,
				0FA3AA3629FE352100B9FB29 /* helper */,
				0FA3AA2229FAA50A00B9FB29 /* models */,
				0FA3AA1F29FAA3CC00B9FB29 /* stores */,
				0FA3AA1E29FAA3BF00B9FB29 /* views */,
				0FA3AA1829F92D9B00B9FB29 /* M2U01222.MPG */,
				0FA3AA2C29FAB6F200B9FB29 /* M2U01223.MPG */,
				0FA3A9EB29F92BA800B9FB29 /* SportsAnalysisApp.swift */,
				0FA3A9ED29F92BA800B9FB29 /* ContentView.swift */,
				0FA3A9EF29F92BA900B9FB29 /* Assets.xcassets */,
				0FA3A9F129F92BA900B9FB29 /* SportsAnalysis.entitlements */,
				0FA3A9F229F92BA900B9FB29 /* Preview Content */,
			);
			path = SportsAnalysis;
			sourceTree = "<group>";
		};
		0FA3A9F229F92BA900B9FB29 /* Preview Content */ = {
			isa = PBXGroup;
			children = (
				0FA3A9F329F92BA900B9FB29 /* Preview Assets.xcassets */,
			);
			path = "Preview Content";
			sourceTree = "<group>";
		};
		0FA3A9FC29F92BAA00B9FB29 /* SportsAnalysisTests */ = {
			isa = PBXGroup;
			children = (
				0FA3A9FD29F92BAA00B9FB29 /* SportsAnalysisTests.swift */,
			);
			path = SportsAnalysisTests;
			sourceTree = "<group>";
		};
		0FA3AA0629F92BAA00B9FB29 /* SportsAnalysisUITests */ = {
			isa = PBXGroup;
			children = (
				0FA3AA0729F92BAA00B9FB29 /* SportsAnalysisUITests.swift */,
				0FA3AA0929F92BAA00B9FB29 /* SportsAnalysisUITestsLaunchTests.swift */,
			);
			path = SportsAnalysisUITests;
			sourceTree = "<group>";
		};
		0FA3AA1E29FAA3BF00B9FB29 /* views */ = {
			isa = PBXGroup;
			children = (
				0F8DFDB52A1E47F100D79D1F /* player */,
				0F8DFDB22A1E46D700D79D1F /* events */,
				0F8DFDAB2A17658600D79D1F /* codes */,
				0F697FC12A027973001C4F66 /* timeline */,
				0FA3AA2729FAB09400B9FB29 /* projectmanager */,
			);
			path = views;
			sourceTree = "<group>";
		};
		0FA3AA1F29FAA3CC00B9FB29 /* stores */ = {
			isa = PBXGroup;
			children = (
				0FA3AA2029FAA44D00B9FB29 /* ProjectStore.swift */,
				0F8DFDB32A1E47EC00D79D1F /* PlayerState.swift */,
			);
			path = stores;
			sourceTree = "<group>";
		};
		0FA3AA2229FAA50A00B9FB29 /* models */ = {
			isa = PBXGroup;
			children = (
				0FA3AA2329FAA51800B9FB29 /* Project.swift */,
				0FA3AA2529FAA59800B9FB29 /* ProjectVideo.swift */,
				0FA3AA2E29FBE76800B9FB29 /* ProjectCode.swift */,
				0FA3AA3429FBED8E00B9FB29 /* ProjectEvent.swift */,
			);
			path = models;
			sourceTree = "<group>";
		};
		0FA3AA2729FAB09400B9FB29 /* projectmanager */ = {
			isa = PBXGroup;
			children = (
				0FA3AA1C29FA9F8F00B9FB29 /* EventManager.swift */,
				0FA3AA2829FAB0B200B9FB29 /* ProjectManagerView.swift */,
				0FA3AA2A29FAB1C100B9FB29 /* ProjectSettingsView.swift */,
			);
			path = projectmanager;
			sourceTree = "<group>";
		};
		0FA3AA3629FE352100B9FB29 /* helper */ = {
			isa = PBXGroup;
			children = (
				0FA3AA3729FE352C00B9FB29 /* TimeFormatter.swift */,
				0F697FBC2A012C5E001C4F66 /* Logging.swift */,
				0F8DFDA02A0BC73E00D79D1F /* BoundsChecker.swift */,
			);
			path = helper;
			sourceTree = "<group>";
		};
/* End PBXGroup section */

/* Begin PBXNativeTarget section */
		0FA3A9E729F92BA800B9FB29 /* SportsAnalysis */ = {
			isa = PBXNativeTarget;
			buildConfigurationList = 0FA3AA0D29F92BAA00B9FB29 /* Build configuration list for PBXNativeTarget "SportsAnalysis" */;
			buildPhases = (
				0FA3A9E429F92BA800B9FB29 /* Sources */,
				0FA3A9E529F92BA800B9FB29 /* Frameworks */,
				0FA3A9E629F92BA800B9FB29 /* Resources */,
			);
			buildRules = (
			);
			dependencies = (
			);
			name = SportsAnalysis;
			packageProductDependencies = (
				0F697FBF2A013AD5001C4F66 /* OrderedCollections */,
				0F8DFDA32A13A93100D79D1F /* CursorKit */,
			);
			productName = SportsAnalysis;
			productReference = 0FA3A9E829F92BA800B9FB29 /* SportsAnalysis.app */;
			productType = "com.apple.product-type.application";
		};
		0FA3A9F829F92BAA00B9FB29 /* SportsAnalysisTests */ = {
			isa = PBXNativeTarget;
			buildConfigurationList = 0FA3AA1029F92BAA00B9FB29 /* Build configuration list for PBXNativeTarget "SportsAnalysisTests" */;
			buildPhases = (
				0FA3A9F529F92BAA00B9FB29 /* Sources */,
				0FA3A9F629F92BAA00B9FB29 /* Frameworks */,
				0FA3A9F729F92BAA00B9FB29 /* Resources */,
			);
			buildRules = (
			);
			dependencies = (
				0FA3A9FB29F92BAA00B9FB29 /* PBXTargetDependency */,
			);
			name = SportsAnalysisTests;
			productName = SportsAnalysisTests;
			productReference = 0FA3A9F929F92BAA00B9FB29 /* SportsAnalysisTests.xctest */;
			productType = "com.apple.product-type.bundle.unit-test";
		};
		0FA3AA0229F92BAA00B9FB29 /* SportsAnalysisUITests */ = {
			isa = PBXNativeTarget;
			buildConfigurationList = 0FA3AA1329F92BAA00B9FB29 /* Build configuration list for PBXNativeTarget "SportsAnalysisUITests" */;
			buildPhases = (
				0FA3A9FF29F92BAA00B9FB29 /* Sources */,
				0FA3AA0029F92BAA00B9FB29 /* Frameworks */,
				0FA3AA0129F92BAA00B9FB29 /* Resources */,
			);
			buildRules = (
			);
			dependencies = (
				0FA3AA0529F92BAA00B9FB29 /* PBXTargetDependency */,
			);
			name = SportsAnalysisUITests;
			productName = SportsAnalysisUITests;
			productReference = 0FA3AA0329F92BAA00B9FB29 /* SportsAnalysisUITests.xctest */;
			productType = "com.apple.product-type.bundle.ui-testing";
		};
/* End PBXNativeTarget section */

/* Begin PBXProject section */
		0FA3A9E029F92BA800B9FB29 /* Project object */ = {
			isa = PBXProject;
			attributes = {
				BuildIndependentTargetsInParallel = 1;
				LastSwiftUpdateCheck = 1430;
				LastUpgradeCheck = 1430;
				TargetAttributes = {
					0FA3A9E729F92BA800B9FB29 = {
						CreatedOnToolsVersion = 14.3;
					};
					0FA3A9F829F92BAA00B9FB29 = {
						CreatedOnToolsVersion = 14.3;
						TestTargetID = 0FA3A9E729F92BA800B9FB29;
					};
					0FA3AA0229F92BAA00B9FB29 = {
						CreatedOnToolsVersion = 14.3;
						TestTargetID = 0FA3A9E729F92BA800B9FB29;
					};
				};
			};
			buildConfigurationList = 0FA3A9E329F92BA800B9FB29 /* Build configuration list for PBXProject "SportsAnalysis" */;
			compatibilityVersion = "Xcode 14.0";
			developmentRegion = en;
			hasScannedForEncodings = 0;
			knownRegions = (
				en,
				Base,
			);
			mainGroup = 0FA3A9DF29F92BA800B9FB29;
			packageReferences = (
				0F697FBE2A013AD5001C4F66 /* XCRemoteSwiftPackageReference "swift-collections" */,
				0F8DFDA22A13A93100D79D1F /* XCRemoteSwiftPackageReference "CursorKit" */,
			);
			productRefGroup = 0FA3A9E929F92BA800B9FB29 /* Products */;
			projectDirPath = "";
			projectRoot = "";
			targets = (
				0FA3A9E729F92BA800B9FB29 /* SportsAnalysis */,
				0FA3A9F829F92BAA00B9FB29 /* SportsAnalysisTests */,
				0FA3AA0229F92BAA00B9FB29 /* SportsAnalysisUITests */,
			);
		};
/* End PBXProject section */

/* Begin PBXResourcesBuildPhase section */
		0FA3A9E629F92BA800B9FB29 /* Resources */ = {
			isa = PBXResourcesBuildPhase;
			buildActionMask = 2147483647;
			files = (
				0FA3A9F429F92BA900B9FB29 /* Preview Assets.xcassets in Resources */,
				0FA3A9F029F92BA900B9FB29 /* Assets.xcassets in Resources */,
				0FA3AA2D29FAB6F200B9FB29 /* M2U01223.MPG in Resources */,
				0FA3AA1929F92D9B00B9FB29 /* M2U01222.MPG in Resources */,
			);
			runOnlyForDeploymentPostprocessing = 0;
		};
		0FA3A9F729F92BAA00B9FB29 /* Resources */ = {
			isa = PBXResourcesBuildPhase;
			buildActionMask = 2147483647;
			files = (
			);
			runOnlyForDeploymentPostprocessing = 0;
		};
		0FA3AA0129F92BAA00B9FB29 /* Resources */ = {
			isa = PBXResourcesBuildPhase;
			buildActionMask = 2147483647;
			files = (
			);
			runOnlyForDeploymentPostprocessing = 0;
		};
/* End PBXResourcesBuildPhase section */

/* Begin PBXSourcesBuildPhase section */
		0FA3A9E429F92BA800B9FB29 /* Sources */ = {
			isa = PBXSourcesBuildPhase;
			buildActionMask = 2147483647;
			files = (
				0FA3AA2B29FAB1C100B9FB29 /* ProjectSettingsView.swift in Sources */,
				0F697FBD2A012C5E001C4F66 /* Logging.swift in Sources */,
				0F8DFDB12A1B8FE500D79D1F /* DraggableItem.swift in Sources */,
				0FA3A9EE29F92BA800B9FB29 /* ContentView.swift in Sources */,
				0F8DFD972A091A4F00D79D1F /* TrackableScrollView.swift in Sources */,
				0F8DFD9D2A0BBFF200D79D1F /* TimelineScrollbar.swift in Sources */,
				0F8DFDB92A1E484C00D79D1F /* PreviewVideoControls.swift in Sources */,
				0FA3AA2929FAB0B200B9FB29 /* ProjectManagerView.swift in Sources */,
				0FA3AA2129FAA44D00B9FB29 /* ProjectStore.swift in Sources */,
				0F8DFD992A0BBFD300D79D1F /* TimecodeBar.swift in Sources */,
				0F8DFD9F2A0BC2FA00D79D1F /* RoundedCornerRectangle.swift in Sources */,
				0F8DFDAD2A1765AA00D79D1F /* ProjectCodeItem.swift in Sources */,
				0F8DFD9B2A0BBFDB00D79D1F /* EventBar.swift in Sources */,
				0F8DFDAA2A14FA9500D79D1F /* Widget.swift in Sources */,
				0FA3A9EC29F92BA800B9FB29 /* SportsAnalysisApp.swift in Sources */,
				0FA3AA2F29FBE76800B9FB29 /* ProjectCode.swift in Sources */,
				0F8DFDA12A0BC73E00D79D1F /* BoundsChecker.swift in Sources */,
				0FA3AA1D29FA9F8F00B9FB29 /* EventManager.swift in Sources */,
				0F8DFDB72A1E483300D79D1F /* PreviewVideoPlayer.swift in Sources */,
				0FA3AA1B29F935BC00B9FB29 /* PreviewWindowView.swift in Sources */,
				0F8DFDB42A1E47EC00D79D1F /* PlayerState.swift in Sources */,
				0FA3AA3829FE352C00B9FB29 /* TimeFormatter.swift in Sources */,
				0FA3AA3329FBEC3700B9FB29 /* ProjectCodesView.swift in Sources */,
				0F697FC32A027984001C4F66 /* VideoTimeline.swift in Sources */,
				0FA3AA3529FBED8E00B9FB29 /* ProjectEvent.swift in Sources */,
				0F8DFDA62A14E2B900D79D1F /* TimelineScrubber.swift in Sources */,
				0FA3AA2429FAA51800B9FB29 /* Project.swift in Sources */,
				0FA3AA2629FAA59800B9FB29 /* ProjectVideo.swift in Sources */,
			);
			runOnlyForDeploymentPostprocessing = 0;
		};
		0FA3A9F529F92BAA00B9FB29 /* Sources */ = {
			isa = PBXSourcesBuildPhase;
			buildActionMask = 2147483647;
			files = (
				0FA3A9FE29F92BAA00B9FB29 /* SportsAnalysisTests.swift in Sources */,
			);
			runOnlyForDeploymentPostprocessing = 0;
		};
		0FA3A9FF29F92BAA00B9FB29 /* Sources */ = {
			isa = PBXSourcesBuildPhase;
			buildActionMask = 2147483647;
			files = (
				0FA3AA0829F92BAA00B9FB29 /* SportsAnalysisUITests.swift in Sources */,
				0FA3AA0A29F92BAA00B9FB29 /* SportsAnalysisUITestsLaunchTests.swift in Sources */,
			);
			runOnlyForDeploymentPostprocessing = 0;
		};
/* End PBXSourcesBuildPhase section */

/* Begin PBXTargetDependency section */
		0FA3A9FB29F92BAA00B9FB29 /* PBXTargetDependency */ = {
			isa = PBXTargetDependency;
			target = 0FA3A9E729F92BA800B9FB29 /* SportsAnalysis */;
			targetProxy = 0FA3A9FA29F92BAA00B9FB29 /* PBXContainerItemProxy */;
		};
		0FA3AA0529F92BAA00B9FB29 /* PBXTargetDependency */ = {
			isa = PBXTargetDependency;
			target = 0FA3A9E729F92BA800B9FB29 /* SportsAnalysis */;
			targetProxy = 0FA3AA0429F92BAA00B9FB29 /* PBXContainerItemProxy */;
		};
/* End PBXTargetDependency section */

/* Begin XCBuildConfiguration section */
		0FA3AA0B29F92BAA00B9FB29 /* Debug */ = {
			isa = XCBuildConfiguration;
			buildSettings = {
				ALWAYS_SEARCH_USER_PATHS = NO;
				CLANG_ANALYZER_NONNULL = YES;
				CLANG_ANALYZER_NUMBER_OBJECT_CONVERSION = YES_AGGRESSIVE;
				CLANG_CXX_LANGUAGE_STANDARD = "gnu++20";
				CLANG_ENABLE_MODULES = YES;
				CLANG_ENABLE_OBJC_ARC = YES;
				CLANG_ENABLE_OBJC_WEAK = YES;
				CLANG_WARN_BLOCK_CAPTURE_AUTORELEASING = YES;
				CLANG_WARN_BOOL_CONVERSION = YES;
				CLANG_WARN_COMMA = YES;
				CLANG_WARN_CONSTANT_CONVERSION = YES;
				CLANG_WARN_DEPRECATED_OBJC_IMPLEMENTATIONS = YES;
				CLANG_WARN_DIRECT_OBJC_ISA_USAGE = YES_ERROR;
				CLANG_WARN_DOCUMENTATION_COMMENTS = YES;
				CLANG_WARN_EMPTY_BODY = YES;
				CLANG_WARN_ENUM_CONVERSION = YES;
				CLANG_WARN_INFINITE_RECURSION = YES;
				CLANG_WARN_INT_CONVERSION = YES;
				CLANG_WARN_NON_LITERAL_NULL_CONVERSION = YES;
				CLANG_WARN_OBJC_IMPLICIT_RETAIN_SELF = YES;
				CLANG_WARN_OBJC_LITERAL_CONVERSION = YES;
				CLANG_WARN_OBJC_ROOT_CLASS = YES_ERROR;
				CLANG_WARN_QUOTED_INCLUDE_IN_FRAMEWORK_HEADER = YES;
				CLANG_WARN_RANGE_LOOP_ANALYSIS = YES;
				CLANG_WARN_STRICT_PROTOTYPES = YES;
				CLANG_WARN_SUSPICIOUS_MOVE = YES;
				CLANG_WARN_UNGUARDED_AVAILABILITY = YES_AGGRESSIVE;
				CLANG_WARN_UNREACHABLE_CODE = YES;
				CLANG_WARN__DUPLICATE_METHOD_MATCH = YES;
				COPY_PHASE_STRIP = NO;
				DEBUG_INFORMATION_FORMAT = dwarf;
				ENABLE_STRICT_OBJC_MSGSEND = YES;
				ENABLE_TESTABILITY = YES;
				GCC_C_LANGUAGE_STANDARD = gnu11;
				GCC_DYNAMIC_NO_PIC = NO;
				GCC_NO_COMMON_BLOCKS = YES;
				GCC_OPTIMIZATION_LEVEL = 0;
				GCC_PREPROCESSOR_DEFINITIONS = (
					"DEBUG=1",
					"$(inherited)",
				);
				GCC_WARN_64_TO_32_BIT_CONVERSION = YES;
				GCC_WARN_ABOUT_RETURN_TYPE = YES_ERROR;
				GCC_WARN_UNDECLARED_SELECTOR = YES;
				GCC_WARN_UNINITIALIZED_AUTOS = YES_AGGRESSIVE;
				GCC_WARN_UNUSED_FUNCTION = YES;
				GCC_WARN_UNUSED_VARIABLE = YES;
				MTL_ENABLE_DEBUG_INFO = INCLUDE_SOURCE;
				MTL_FAST_MATH = YES;
				ONLY_ACTIVE_ARCH = YES;
				SWIFT_ACTIVE_COMPILATION_CONDITIONS = DEBUG;
				SWIFT_OPTIMIZATION_LEVEL = "-Onone";
			};
			name = Debug;
		};
		0FA3AA0C29F92BAA00B9FB29 /* Release */ = {
			isa = XCBuildConfiguration;
			buildSettings = {
				ALWAYS_SEARCH_USER_PATHS = NO;
				CLANG_ANALYZER_NONNULL = YES;
				CLANG_ANALYZER_NUMBER_OBJECT_CONVERSION = YES_AGGRESSIVE;
				CLANG_CXX_LANGUAGE_STANDARD = "gnu++20";
				CLANG_ENABLE_MODULES = YES;
				CLANG_ENABLE_OBJC_ARC = YES;
				CLANG_ENABLE_OBJC_WEAK = YES;
				CLANG_WARN_BLOCK_CAPTURE_AUTORELEASING = YES;
				CLANG_WARN_BOOL_CONVERSION = YES;
				CLANG_WARN_COMMA = YES;
				CLANG_WARN_CONSTANT_CONVERSION = YES;
				CLANG_WARN_DEPRECATED_OBJC_IMPLEMENTATIONS = YES;
				CLANG_WARN_DIRECT_OBJC_ISA_USAGE = YES_ERROR;
				CLANG_WARN_DOCUMENTATION_COMMENTS = YES;
				CLANG_WARN_EMPTY_BODY = YES;
				CLANG_WARN_ENUM_CONVERSION = YES;
				CLANG_WARN_INFINITE_RECURSION = YES;
				CLANG_WARN_INT_CONVERSION = YES;
				CLANG_WARN_NON_LITERAL_NULL_CONVERSION = YES;
				CLANG_WARN_OBJC_IMPLICIT_RETAIN_SELF = YES;
				CLANG_WARN_OBJC_LITERAL_CONVERSION = YES;
				CLANG_WARN_OBJC_ROOT_CLASS = YES_ERROR;
				CLANG_WARN_QUOTED_INCLUDE_IN_FRAMEWORK_HEADER = YES;
				CLANG_WARN_RANGE_LOOP_ANALYSIS = YES;
				CLANG_WARN_STRICT_PROTOTYPES = YES;
				CLANG_WARN_SUSPICIOUS_MOVE = YES;
				CLANG_WARN_UNGUARDED_AVAILABILITY = YES_AGGRESSIVE;
				CLANG_WARN_UNREACHABLE_CODE = YES;
				CLANG_WARN__DUPLICATE_METHOD_MATCH = YES;
				COPY_PHASE_STRIP = NO;
				DEBUG_INFORMATION_FORMAT = "dwarf-with-dsym";
				ENABLE_NS_ASSERTIONS = NO;
				ENABLE_STRICT_OBJC_MSGSEND = YES;
				GCC_C_LANGUAGE_STANDARD = gnu11;
				GCC_NO_COMMON_BLOCKS = YES;
				GCC_WARN_64_TO_32_BIT_CONVERSION = YES;
				GCC_WARN_ABOUT_RETURN_TYPE = YES_ERROR;
				GCC_WARN_UNDECLARED_SELECTOR = YES;
				GCC_WARN_UNINITIALIZED_AUTOS = YES_AGGRESSIVE;
				GCC_WARN_UNUSED_FUNCTION = YES;
				GCC_WARN_UNUSED_VARIABLE = YES;
				MTL_ENABLE_DEBUG_INFO = NO;
				MTL_FAST_MATH = YES;
				SWIFT_COMPILATION_MODE = wholemodule;
				SWIFT_OPTIMIZATION_LEVEL = "-O";
			};
			name = Release;
		};
		0FA3AA0E29F92BAA00B9FB29 /* Debug */ = {
			isa = XCBuildConfiguration;
			buildSettings = {
				ASSETCATALOG_COMPILER_APPICON_NAME = AppIcon;
				ASSETCATALOG_COMPILER_GLOBAL_ACCENT_COLOR_NAME = AccentColor;
				CODE_SIGN_ENTITLEMENTS = SportsAnalysis/SportsAnalysis.entitlements;
				CODE_SIGN_STYLE = Automatic;
				CURRENT_PROJECT_VERSION = 1;
				DEVELOPMENT_ASSET_PATHS = "\"SportsAnalysis/Preview Content\"";
				DEVELOPMENT_TEAM = 2ASZV5YU3A;
				ENABLE_HARDENED_RUNTIME = YES;
				ENABLE_PREVIEWS = YES;
				GENERATE_INFOPLIST_FILE = YES;
				INFOPLIST_KEY_LSApplicationCategoryType = "public.app-category.productivity";
				"INFOPLIST_KEY_UIApplicationSceneManifest_Generation[sdk=iphoneos*]" = YES;
				"INFOPLIST_KEY_UIApplicationSceneManifest_Generation[sdk=iphonesimulator*]" = YES;
				"INFOPLIST_KEY_UIApplicationSupportsIndirectInputEvents[sdk=iphoneos*]" = YES;
				"INFOPLIST_KEY_UIApplicationSupportsIndirectInputEvents[sdk=iphonesimulator*]" = YES;
				"INFOPLIST_KEY_UILaunchScreen_Generation[sdk=iphoneos*]" = YES;
				"INFOPLIST_KEY_UILaunchScreen_Generation[sdk=iphonesimulator*]" = YES;
				"INFOPLIST_KEY_UIStatusBarStyle[sdk=iphoneos*]" = UIStatusBarStyleDefault;
				"INFOPLIST_KEY_UIStatusBarStyle[sdk=iphonesimulator*]" = UIStatusBarStyleDefault;
				INFOPLIST_KEY_UISupportedInterfaceOrientations_iPad = "UIInterfaceOrientationPortrait UIInterfaceOrientationPortraitUpsideDown UIInterfaceOrientationLandscapeLeft UIInterfaceOrientationLandscapeRight";
				INFOPLIST_KEY_UISupportedInterfaceOrientations_iPhone = "UIInterfaceOrientationPortrait UIInterfaceOrientationLandscapeLeft UIInterfaceOrientationLandscapeRight";
				IPHONEOS_DEPLOYMENT_TARGET = 16.4;
				LD_RUNPATH_SEARCH_PATHS = "@executable_path/Frameworks";
				"LD_RUNPATH_SEARCH_PATHS[sdk=macosx*]" = "@executable_path/../Frameworks";
				MACOSX_DEPLOYMENT_TARGET = 13.3;
				MARKETING_VERSION = 1.0;
				PRODUCT_BUNDLE_IDENTIFIER = com.timtatt.SportsAnalysis;
				PRODUCT_NAME = "$(TARGET_NAME)";
				SDKROOT = auto;
				SUPPORTED_PLATFORMS = macosx;
				SUPPORTS_MACCATALYST = NO;
				SUPPORTS_MAC_DESIGNED_FOR_IPHONE_IPAD = NO;
				SWIFT_EMIT_LOC_STRINGS = YES;
				SWIFT_VERSION = 5.0;
			};
			name = Debug;
		};
		0FA3AA0F29F92BAA00B9FB29 /* Release */ = {
			isa = XCBuildConfiguration;
			buildSettings = {
				ASSETCATALOG_COMPILER_APPICON_NAME = AppIcon;
				ASSETCATALOG_COMPILER_GLOBAL_ACCENT_COLOR_NAME = AccentColor;
				CODE_SIGN_ENTITLEMENTS = SportsAnalysis/SportsAnalysis.entitlements;
				CODE_SIGN_STYLE = Automatic;
				CURRENT_PROJECT_VERSION = 1;
				DEVELOPMENT_ASSET_PATHS = "\"SportsAnalysis/Preview Content\"";
				DEVELOPMENT_TEAM = 2ASZV5YU3A;
				ENABLE_HARDENED_RUNTIME = YES;
				ENABLE_PREVIEWS = YES;
				GENERATE_INFOPLIST_FILE = YES;
				INFOPLIST_KEY_LSApplicationCategoryType = "public.app-category.productivity";
				"INFOPLIST_KEY_UIApplicationSceneManifest_Generation[sdk=iphoneos*]" = YES;
				"INFOPLIST_KEY_UIApplicationSceneManifest_Generation[sdk=iphonesimulator*]" = YES;
				"INFOPLIST_KEY_UIApplicationSupportsIndirectInputEvents[sdk=iphoneos*]" = YES;
				"INFOPLIST_KEY_UIApplicationSupportsIndirectInputEvents[sdk=iphonesimulator*]" = YES;
				"INFOPLIST_KEY_UILaunchScreen_Generation[sdk=iphoneos*]" = YES;
				"INFOPLIST_KEY_UILaunchScreen_Generation[sdk=iphonesimulator*]" = YES;
				"INFOPLIST_KEY_UIStatusBarStyle[sdk=iphoneos*]" = UIStatusBarStyleDefault;
				"INFOPLIST_KEY_UIStatusBarStyle[sdk=iphonesimulator*]" = UIStatusBarStyleDefault;
				INFOPLIST_KEY_UISupportedInterfaceOrientations_iPad = "UIInterfaceOrientationPortrait UIInterfaceOrientationPortraitUpsideDown UIInterfaceOrientationLandscapeLeft UIInterfaceOrientationLandscapeRight";
				INFOPLIST_KEY_UISupportedInterfaceOrientations_iPhone = "UIInterfaceOrientationPortrait UIInterfaceOrientationLandscapeLeft UIInterfaceOrientationLandscapeRight";
				IPHONEOS_DEPLOYMENT_TARGET = 16.4;
				LD_RUNPATH_SEARCH_PATHS = "@executable_path/Frameworks";
				"LD_RUNPATH_SEARCH_PATHS[sdk=macosx*]" = "@executable_path/../Frameworks";
				MACOSX_DEPLOYMENT_TARGET = 13.3;
				MARKETING_VERSION = 1.0;
				PRODUCT_BUNDLE_IDENTIFIER = com.timtatt.SportsAnalysis;
				PRODUCT_NAME = "$(TARGET_NAME)";
				SDKROOT = auto;
				SUPPORTED_PLATFORMS = macosx;
				SUPPORTS_MACCATALYST = NO;
				SUPPORTS_MAC_DESIGNED_FOR_IPHONE_IPAD = NO;
				SWIFT_EMIT_LOC_STRINGS = YES;
				SWIFT_VERSION = 5.0;
			};
			name = Release;
		};
		0FA3AA1129F92BAA00B9FB29 /* Debug */ = {
			isa = XCBuildConfiguration;
			buildSettings = {
				ALWAYS_EMBED_SWIFT_STANDARD_LIBRARIES = YES;
				BUNDLE_LOADER = "$(TEST_HOST)";
				CODE_SIGN_STYLE = Automatic;
				CURRENT_PROJECT_VERSION = 1;
				DEVELOPMENT_TEAM = 2ASZV5YU3A;
				GENERATE_INFOPLIST_FILE = YES;
				IPHONEOS_DEPLOYMENT_TARGET = 16.4;
				MACOSX_DEPLOYMENT_TARGET = 13.3;
				MARKETING_VERSION = 1.0;
				PRODUCT_BUNDLE_IDENTIFIER = com.timtatt.SportsAnalysisTests;
				PRODUCT_NAME = "$(TARGET_NAME)";
				SDKROOT = auto;
				SUPPORTED_PLATFORMS = "iphoneos iphonesimulator macosx";
				SWIFT_EMIT_LOC_STRINGS = NO;
				SWIFT_VERSION = 5.0;
				TARGETED_DEVICE_FAMILY = "1,2";
				TEST_HOST = "$(BUILT_PRODUCTS_DIR)/SportsAnalysis.app/$(BUNDLE_EXECUTABLE_FOLDER_PATH)/SportsAnalysis";
			};
			name = Debug;
		};
		0FA3AA1229F92BAA00B9FB29 /* Release */ = {
			isa = XCBuildConfiguration;
			buildSettings = {
				ALWAYS_EMBED_SWIFT_STANDARD_LIBRARIES = YES;
				BUNDLE_LOADER = "$(TEST_HOST)";
				CODE_SIGN_STYLE = Automatic;
				CURRENT_PROJECT_VERSION = 1;
				DEVELOPMENT_TEAM = 2ASZV5YU3A;
				GENERATE_INFOPLIST_FILE = YES;
				IPHONEOS_DEPLOYMENT_TARGET = 16.4;
				MACOSX_DEPLOYMENT_TARGET = 13.3;
				MARKETING_VERSION = 1.0;
				PRODUCT_BUNDLE_IDENTIFIER = com.timtatt.SportsAnalysisTests;
				PRODUCT_NAME = "$(TARGET_NAME)";
				SDKROOT = auto;
				SUPPORTED_PLATFORMS = "iphoneos iphonesimulator macosx";
				SWIFT_EMIT_LOC_STRINGS = NO;
				SWIFT_VERSION = 5.0;
				TARGETED_DEVICE_FAMILY = "1,2";
				TEST_HOST = "$(BUILT_PRODUCTS_DIR)/SportsAnalysis.app/$(BUNDLE_EXECUTABLE_FOLDER_PATH)/SportsAnalysis";
			};
			name = Release;
		};
		0FA3AA1429F92BAA00B9FB29 /* Debug */ = {
			isa = XCBuildConfiguration;
			buildSettings = {
				ALWAYS_EMBED_SWIFT_STANDARD_LIBRARIES = YES;
				CODE_SIGN_STYLE = Automatic;
				CURRENT_PROJECT_VERSION = 1;
				DEVELOPMENT_TEAM = 2ASZV5YU3A;
				GENERATE_INFOPLIST_FILE = YES;
				IPHONEOS_DEPLOYMENT_TARGET = 16.4;
				MACOSX_DEPLOYMENT_TARGET = 13.3;
				MARKETING_VERSION = 1.0;
				PRODUCT_BUNDLE_IDENTIFIER = com.timtatt.SportsAnalysisUITests;
				PRODUCT_NAME = "$(TARGET_NAME)";
				SDKROOT = auto;
				SUPPORTED_PLATFORMS = "iphoneos iphonesimulator macosx";
				SWIFT_EMIT_LOC_STRINGS = NO;
				SWIFT_VERSION = 5.0;
				TARGETED_DEVICE_FAMILY = "1,2";
				TEST_TARGET_NAME = SportsAnalysis;
			};
			name = Debug;
		};
		0FA3AA1529F92BAA00B9FB29 /* Release */ = {
			isa = XCBuildConfiguration;
			buildSettings = {
				ALWAYS_EMBED_SWIFT_STANDARD_LIBRARIES = YES;
				CODE_SIGN_STYLE = Automatic;
				CURRENT_PROJECT_VERSION = 1;
				DEVELOPMENT_TEAM = 2ASZV5YU3A;
				GENERATE_INFOPLIST_FILE = YES;
				IPHONEOS_DEPLOYMENT_TARGET = 16.4;
				MACOSX_DEPLOYMENT_TARGET = 13.3;
				MARKETING_VERSION = 1.0;
				PRODUCT_BUNDLE_IDENTIFIER = com.timtatt.SportsAnalysisUITests;
				PRODUCT_NAME = "$(TARGET_NAME)";
				SDKROOT = auto;
				SUPPORTED_PLATFORMS = "iphoneos iphonesimulator macosx";
				SWIFT_EMIT_LOC_STRINGS = NO;
				SWIFT_VERSION = 5.0;
				TARGETED_DEVICE_FAMILY = "1,2";
				TEST_TARGET_NAME = SportsAnalysis;
			};
			name = Release;
		};
/* End XCBuildConfiguration section */

/* Begin XCConfigurationList section */
		0FA3A9E329F92BA800B9FB29 /* Build configuration list for PBXProject "SportsAnalysis" */ = {
			isa = XCConfigurationList;
			buildConfigurations = (
				0FA3AA0B29F92BAA00B9FB29 /* Debug */,
				0FA3AA0C29F92BAA00B9FB29 /* Release */,
			);
			defaultConfigurationIsVisible = 0;
			defaultConfigurationName = Release;
		};
		0FA3AA0D29F92BAA00B9FB29 /* Build configuration list for PBXNativeTarget "SportsAnalysis" */ = {
			isa = XCConfigurationList;
			buildConfigurations = (
				0FA3AA0E29F92BAA00B9FB29 /* Debug */,
				0FA3AA0F29F92BAA00B9FB29 /* Release */,
			);
			defaultConfigurationIsVisible = 0;
			defaultConfigurationName = Release;
		};
		0FA3AA1029F92BAA00B9FB29 /* Build configuration list for PBXNativeTarget "SportsAnalysisTests" */ = {
			isa = XCConfigurationList;
			buildConfigurations = (
				0FA3AA1129F92BAA00B9FB29 /* Debug */,
				0FA3AA1229F92BAA00B9FB29 /* Release */,
			);
			defaultConfigurationIsVisible = 0;
			defaultConfigurationName = Release;
		};
		0FA3AA1329F92BAA00B9FB29 /* Build configuration list for PBXNativeTarget "SportsAnalysisUITests" */ = {
			isa = XCConfigurationList;
			buildConfigurations = (
				0FA3AA1429F92BAA00B9FB29 /* Debug */,
				0FA3AA1529F92BAA00B9FB29 /* Release */,
			);
			defaultConfigurationIsVisible = 0;
			defaultConfigurationName = Release;
		};
/* End XCConfigurationList section */

/* Begin XCRemoteSwiftPackageReference section */
		0F697FBE2A013AD5001C4F66 /* XCRemoteSwiftPackageReference "swift-collections" */ = {
			isa = XCRemoteSwiftPackageReference;
			repositoryURL = "https://github.com/apple/swift-collections.git";
			requirement = {
				kind = upToNextMajorVersion;
				minimumVersion = 1.0.0;
			};
		};
		0F8DFDA22A13A93100D79D1F /* XCRemoteSwiftPackageReference "CursorKit" */ = {
			isa = XCRemoteSwiftPackageReference;
			repositoryURL = "https://github.com/ryanslikesocool/CursorKit.git";
			requirement = {
				branch = main;
				kind = branch;
			};
		};
/* End XCRemoteSwiftPackageReference section */

/* Begin XCSwiftPackageProductDependency section */
		0F697FBF2A013AD5001C4F66 /* OrderedCollections */ = {
			isa = XCSwiftPackageProductDependency;
			package = 0F697FBE2A013AD5001C4F66 /* XCRemoteSwiftPackageReference "swift-collections" */;
			productName = OrderedCollections;
		};
		0F8DFDA32A13A93100D79D1F /* CursorKit */ = {
			isa = XCSwiftPackageProductDependency;
			package = 0F8DFDA22A13A93100D79D1F /* XCRemoteSwiftPackageReference "CursorKit" */;
			productName = CursorKit;
		};
/* End XCSwiftPackageProductDependency section */
	};
	rootObject = 0FA3A9E029F92BA800B9FB29 /* Project object */;
}
